
Microsoft Visual Studio Solution File, Format Version 12.00
Project("{FAE04EC0-301F-11D3-BF4B-00C04F79EFBC}") = "Bot", "Bot\Bot.csproj", "{0E9509A8-06F7-4588-A9F3-6A5471DABB62}"
EndProject
Project("{FAE04EC0-301F-11D3-BF4B-00C04F79EFBC}") = "Polling.Core", "Modules\Polling\Polling.Core\Polling.Core.csproj", "{4DFFADAD-773F-4793-8B81-2A4CC31BCCD6}"
EndProject
Project("{FAE04EC0-301F-11D3-BF4B-00C04F79EFBC}") = "Commands.Core", "Modules\Commands\Commands.Core\Commands.Core.csproj", "{17E236AF-D585-4A38-BBF1-683E4229B956}"
EndProject
Project("{FAE04EC0-301F-11D3-BF4B-00C04F79EFBC}") = "Messaging.Core", "Modules\Messaging\Messaging.Core\Messaging.Core.csproj", "{4118EB59-C6A6-47AF-9B09-07E2A9E7AFCC}"
EndProject
Project("{FAE04EC0-301F-11D3-BF4B-00C04F79EFBC}") = "ChangeTracking.Core", "Modules\ChangeTracking\ChangeTracking.Core\ChangeTracking.Core.csproj", "{25413719-F716-4213-8260-2961B90CD1D0}"
EndProject
Project("{FAE04EC0-301F-11D3-BF4B-00C04F79EFBC}") = "Cleanup.Core", "Modules\Cleanup\Cleanup.Core\Cleanup.Core.csproj", "{D5FDDF2C-14D5-44F5-960C-C340192C6B89}"
EndProject
Project("{FAE04EC0-301F-11D3-BF4B-00C04F79EFBC}") = "Shared.Core", "Modules\Shared\Shared.Core\Shared.Core.csproj", "{157452E5-C738-4A12-8CBB-9ABDA099A8F7}"
EndProject
Project("{2150E333-8FDC-42A3-9474-1A3956D46DE8}") = "Modules", "Modules", "{4CA07424-AA5F-432B-B42A-0DC0AB98EF17}"
EndProject
Project("{2150E333-8FDC-42A3-9474-1A3956D46DE8}") = "ChangeTracking", "ChangeTracking", "{50CF3BD3-8391-4E16-8FFA-8091D6A50DB0}"
EndProject
Project("{2150E333-8FDC-42A3-9474-1A3956D46DE8}") = "Cleanup", "Cleanup", "{8082301D-83AB-4CC3-AE8B-F6D3A04707B2}"
EndProject
Project("{2150E333-8FDC-42A3-9474-1A3956D46DE8}") = "Commands", "Commands", "{B9DF8D1F-4E11-444B-9977-E22661E04697}"
EndProject
Project("{2150E333-8FDC-42A3-9474-1A3956D46DE8}") = "Messaging", "Messaging", "{9DC99956-5E80-480C-90BA-116F0CAFF825}"
EndProject
Project("{2150E333-8FDC-42A3-9474-1A3956D46DE8}") = "Polling", "Polling", "{E877C8A0-A3CB-404D-959C-9B00AE2A257D}"
EndProject
Project("{2150E333-8FDC-42A3-9474-1A3956D46DE8}") = "Shared", "Shared", "{52B86D95-4D43-4899-AF3F-2E39709DE041}"
EndProject
Global
	GlobalSection(SolutionConfigurationPlatforms) = preSolution
		Debug|Any CPU = Debug|Any CPU
		Release|Any CPU = Release|Any CPU
	EndGlobalSection
	GlobalSection(ProjectConfigurationPlatforms) = postSolution
		{0E9509A8-06F7-4588-A9F3-6A5471DABB62}.Debug|Any CPU.ActiveCfg = Debug|Any CPU
		{0E9509A8-06F7-4588-A9F3-6A5471DABB62}.Debug|Any CPU.Build.0 = Debug|Any CPU
		{0E9509A8-06F7-4588-A9F3-6A5471DABB62}.Release|Any CPU.ActiveCfg = Release|Any CPU
		{0E9509A8-06F7-4588-A9F3-6A5471DABB62}.Release|Any CPU.Build.0 = Release|Any CPU
		{4DFFADAD-773F-4793-8B81-2A4CC31BCCD6}.Debug|Any CPU.ActiveCfg = Debug|Any CPU
		{4DFFADAD-773F-4793-8B81-2A4CC31BCCD6}.Debug|Any CPU.Build.0 = Debug|Any CPU
		{4DFFADAD-773F-4793-8B81-2A4CC31BCCD6}.Release|Any CPU.ActiveCfg = Release|Any CPU
		{4DFFADAD-773F-4793-8B81-2A4CC31BCCD6}.Release|Any CPU.Build.0 = Release|Any CPU
		{17E236AF-D585-4A38-BBF1-683E4229B956}.Debug|Any CPU.ActiveCfg = Debug|Any CPU
		{17E236AF-D585-4A38-BBF1-683E4229B956}.Debug|Any CPU.Build.0 = Debug|Any CPU
		{17E236AF-D585-4A38-BBF1-683E4229B956}.Release|Any CPU.ActiveCfg = Release|Any CPU
		{17E236AF-D585-4A38-BBF1-683E4229B956}.Release|Any CPU.Build.0 = Release|Any CPU
		{4118EB59-C6A6-47AF-9B09-07E2A9E7AFCC}.Debug|Any CPU.ActiveCfg = Debug|Any CPU
		{4118EB59-C6A6-47AF-9B09-07E2A9E7AFCC}.Debug|Any CPU.Build.0 = Debug|Any CPU
		{4118EB59-C6A6-47AF-9B09-07E2A9E7AFCC}.Release|Any CPU.ActiveCfg = Release|Any CPU
		{4118EB59-C6A6-47AF-9B09-07E2A9E7AFCC}.Release|Any CPU.Build.0 = Release|Any CPU
		{25413719-F716-4213-8260-2961B90CD1D0}.Debug|Any CPU.ActiveCfg = Debug|Any CPU
		{25413719-F716-4213-8260-2961B90CD1D0}.Debug|Any CPU.Build.0 = Debug|Any CPU
		{25413719-F716-4213-8260-2961B90CD1D0}.Release|Any CPU.ActiveCfg = Release|Any CPU
		{25413719-F716-4213-8260-2961B90CD1D0}.Release|Any CPU.Build.0 = Release|Any CPU
		{D5FDDF2C-14D5-44F5-960C-C340192C6B89}.Debug|Any CPU.ActiveCfg = Debug|Any CPU
		{D5FDDF2C-14D5-44F5-960C-C340192C6B89}.Debug|Any CPU.Build.0 = Debug|Any CPU
		{D5FDDF2C-14D5-44F5-960C-C340192C6B89}.Release|Any CPU.ActiveCfg = Release|Any CPU
		{D5FDDF2C-14D5-44F5-960C-C340192C6B89}.Release|Any CPU.Build.0 = Release|Any CPU
		{157452E5-C738-4A12-8CBB-9ABDA099A8F7}.Debug|Any CPU.ActiveCfg = Debug|Any CPU
		{157452E5-C738-4A12-8CBB-9ABDA099A8F7}.Debug|Any CPU.Build.0 = Debug|Any CPU
		{157452E5-C738-4A12-8CBB-9ABDA099A8F7}.Release|Any CPU.ActiveCfg = Release|Any CPU
		{157452E5-C738-4A12-8CBB-9ABDA099A8F7}.Release|Any CPU.Build.0 = Release|Any CPU
	EndGlobalSection
	GlobalSection(NestedProjects) = preSolution
		{50CF3BD3-8391-4E16-8FFA-8091D6A50DB0} = {4CA07424-AA5F-432B-B42A-0DC0AB98EF17}
		{8082301D-83AB-4CC3-AE8B-F6D3A04707B2} = {4CA07424-AA5F-432B-B42A-0DC0AB98EF17}
		{B9DF8D1F-4E11-444B-9977-E22661E04697} = {4CA07424-AA5F-432B-B42A-0DC0AB98EF17}
		{9DC99956-5E80-480C-90BA-116F0CAFF825} = {4CA07424-AA5F-432B-B42A-0DC0AB98EF17}
		{E877C8A0-A3CB-404D-959C-9B00AE2A257D} = {4CA07424-AA5F-432B-B42A-0DC0AB98EF17}
		{52B86D95-4D43-4899-AF3F-2E39709DE041} = {4CA07424-AA5F-432B-B42A-0DC0AB98EF17}
		{25413719-F716-4213-8260-2961B90CD1D0} = {50CF3BD3-8391-4E16-8FFA-8091D6A50DB0}
		{D5FDDF2C-14D5-44F5-960C-C340192C6B89} = {8082301D-83AB-4CC3-AE8B-F6D3A04707B2}
		{17E236AF-D585-4A38-BBF1-683E4229B956} = {B9DF8D1F-4E11-444B-9977-E22661E04697}
		{4118EB59-C6A6-47AF-9B09-07E2A9E7AFCC} = {9DC99956-5E80-480C-90BA-116F0CAFF825}
		{4DFFADAD-773F-4793-8B81-2A4CC31BCCD6} = {E877C8A0-A3CB-404D-959C-9B00AE2A257D}
		{157452E5-C738-4A12-8CBB-9ABDA099A8F7} = {52B86D95-4D43-4899-AF3F-2E39709DE041}
	EndGlobalSection
EndGlobal
